
Microsoft Visual Studio Solution File, Format Version 12.00
# Visual Studio 2012
Project("{FAE04EC0-301F-11D3-BF4B-00C04F79EFBC}") = "TestGoogleApi", "test\TestGoogleApi\TestGoogleApi.csproj", "{4ABAF599-0131-4B79-B67C-A1C1F2FF1BC8}"
EndProject
Project("{FAE04EC0-301F-11D3-BF4B-00C04F79EFBC}") = "TestSqlite", "test\TestSqlite\TestSqlite.csproj", "{93F56F08-843A-4F52-9C73-C29B7EAC8E6D}"
EndProject
Project("{FAE04EC0-301F-11D3-BF4B-00C04F79EFBC}") = "TestLog4Net", "test\TestLog4Net\TestLog4Net.csproj", "{445CD414-9D8F-46C8-B7DE-8A25E6DD6B30}"
EndProject
Global
	GlobalSection(SolutionConfigurationPlatforms) = preSolution
		Debug|Any CPU = Debug|Any CPU
		Release|Any CPU = Release|Any CPU
	EndGlobalSection
	GlobalSection(ProjectConfigurationPlatforms) = postSolution
		{4ABAF599-0131-4B79-B67C-A1C1F2FF1BC8}.Debug|Any CPU.ActiveCfg = Debug|Any CPU
		{4ABAF599-0131-4B79-B67C-A1C1F2FF1BC8}.Debug|Any CPU.Build.0 = Debug|Any CPU
		{4ABAF599-0131-4B79-B67C-A1C1F2FF1BC8}.Release|Any CPU.ActiveCfg = Release|Any CPU
		{4ABAF599-0131-4B79-B67C-A1C1F2FF1BC8}.Release|Any CPU.Build.0 = Release|Any CPU
		{93F56F08-843A-4F52-9C73-C29B7EAC8E6D}.Debug|Any CPU.ActiveCfg = Debug|Any CPU
		{93F56F08-843A-4F52-9C73-C29B7EAC8E6D}.Debug|Any CPU.Build.0 = Debug|Any CPU
		{93F56F08-843A-4F52-9C73-C29B7EAC8E6D}.Release|Any CPU.ActiveCfg = Release|Any CPU
		{93F56F08-843A-4F52-9C73-C29B7EAC8E6D}.Release|Any CPU.Build.0 = Release|Any CPU
		{445CD414-9D8F-46C8-B7DE-8A25E6DD6B30}.Debug|Any CPU.ActiveCfg = Debug|Any CPU
		{445CD414-9D8F-46C8-B7DE-8A25E6DD6B30}.Debug|Any CPU.Build.0 = Debug|Any CPU
		{445CD414-9D8F-46C8-B7DE-8A25E6DD6B30}.Release|Any CPU.ActiveCfg = Release|Any CPU
		{445CD414-9D8F-46C8-B7DE-8A25E6DD6B30}.Release|Any CPU.Build.0 = Release|Any CPU
	EndGlobalSection
	GlobalSection(SolutionProperties) = preSolution
		HideSolutionNode = FALSE
	EndGlobalSection
EndGlobal
