
Microsoft Visual Studio Solution File, Format Version 12.00
# Visual Studio 2012
Project("{FAE04EC0-301F-11D3-BF4B-00C04F79EFBC}") = "TestGoogleApi", "test\TestGoogleApi\TestGoogleApi.csproj", "{4ABAF599-0131-4B79-B67C-A1C1F2FF1BC8}"
EndProject
Project("{FAE04EC0-301F-11D3-BF4B-00C04F79EFBC}") = "TestSqlite", "test\TestSqlite\TestSqlite.csproj", "{93F56F08-843A-4F52-9C73-C29B7EAC8E6D}"
EndProject
Project("{FAE04EC0-301F-11D3-BF4B-00C04F79EFBC}") = "TestLog4Net", "test\TestLog4Net\TestLog4Net.csproj", "{445CD414-9D8F-46C8-B7DE-8A25E6DD6B30}"
EndProject
Project("{FAE04EC0-301F-11D3-BF4B-00C04F79EFBC}") = "TestSync", "test\TestSync\TestSync.csproj", "{FB38C312-92D8-48ED-B387-062A65D2C333}"
EndProject
Project("{FAE04EC0-301F-11D3-BF4B-00C04F79EFBC}") = "ZTask", "src\ZTask\ZTask.csproj", "{78F8E332-08FC-4650-9E62-DF6740C297C0}"
EndProject
Project("{FAE04EC0-301F-11D3-BF4B-00C04F79EFBC}") = "TestYaml", "test\TestYaml\TestYaml.csproj", "{5B220AA9-E4E9-4634-A8C3-383E3C64F614}"
EndProject
Project("{FAE04EC0-301F-11D3-BF4B-00C04F79EFBC}") = "TestDataTemplate", "test\TestDataTemplate\TestDataTemplate.csproj", "{0ED4B9CC-486E-4711-B430-351E331BCD13}"
EndProject
Global
	GlobalSection(SolutionConfigurationPlatforms) = preSolution
		Debug|Any CPU = Debug|Any CPU
		Release|Any CPU = Release|Any CPU
	EndGlobalSection
	GlobalSection(ProjectConfigurationPlatforms) = postSolution
		{4ABAF599-0131-4B79-B67C-A1C1F2FF1BC8}.Debug|Any CPU.ActiveCfg = Debug|Any CPU
		{4ABAF599-0131-4B79-B67C-A1C1F2FF1BC8}.Debug|Any CPU.Build.0 = Debug|Any CPU
		{4ABAF599-0131-4B79-B67C-A1C1F2FF1BC8}.Release|Any CPU.ActiveCfg = Release|Any CPU
		{93F56F08-843A-4F52-9C73-C29B7EAC8E6D}.Debug|Any CPU.ActiveCfg = Debug|Any CPU
		{93F56F08-843A-4F52-9C73-C29B7EAC8E6D}.Debug|Any CPU.Build.0 = Debug|Any CPU
		{93F56F08-843A-4F52-9C73-C29B7EAC8E6D}.Release|Any CPU.ActiveCfg = Release|Any CPU
		{445CD414-9D8F-46C8-B7DE-8A25E6DD6B30}.Debug|Any CPU.ActiveCfg = Debug|Any CPU
		{445CD414-9D8F-46C8-B7DE-8A25E6DD6B30}.Debug|Any CPU.Build.0 = Debug|Any CPU
		{445CD414-9D8F-46C8-B7DE-8A25E6DD6B30}.Release|Any CPU.ActiveCfg = Release|Any CPU
		{FB38C312-92D8-48ED-B387-062A65D2C333}.Debug|Any CPU.ActiveCfg = Debug|Any CPU
		{FB38C312-92D8-48ED-B387-062A65D2C333}.Debug|Any CPU.Build.0 = Debug|Any CPU
		{FB38C312-92D8-48ED-B387-062A65D2C333}.Release|Any CPU.ActiveCfg = Release|Any CPU
		{78F8E332-08FC-4650-9E62-DF6740C297C0}.Debug|Any CPU.ActiveCfg = Debug|Any CPU
		{78F8E332-08FC-4650-9E62-DF6740C297C0}.Debug|Any CPU.Build.0 = Debug|Any CPU
		{78F8E332-08FC-4650-9E62-DF6740C297C0}.Release|Any CPU.ActiveCfg = Release|Any CPU
		{78F8E332-08FC-4650-9E62-DF6740C297C0}.Release|Any CPU.Build.0 = Release|Any CPU
		{5B220AA9-E4E9-4634-A8C3-383E3C64F614}.Debug|Any CPU.ActiveCfg = Debug|Any CPU
		{5B220AA9-E4E9-4634-A8C3-383E3C64F614}.Debug|Any CPU.Build.0 = Debug|Any CPU
		{5B220AA9-E4E9-4634-A8C3-383E3C64F614}.Release|Any CPU.ActiveCfg = Release|Any CPU
		{0ED4B9CC-486E-4711-B430-351E331BCD13}.Debug|Any CPU.ActiveCfg = Debug|Any CPU
		{0ED4B9CC-486E-4711-B430-351E331BCD13}.Debug|Any CPU.Build.0 = Debug|Any CPU
		{0ED4B9CC-486E-4711-B430-351E331BCD13}.Release|Any CPU.ActiveCfg = Release|Any CPU
	EndGlobalSection
	GlobalSection(SolutionProperties) = preSolution
		HideSolutionNode = FALSE
	EndGlobalSection
EndGlobal
